
Microsoft Visual Studio Solution File, Format Version 12.00
# Visual Studio Version 17
VisualStudioVersion = 17.3.32804.467
MinimumVisualStudioVersion = 10.0.40219.1
Project("{2150E333-8FDC-42A3-9474-1A3956D46DE8}") = "src", "src", "{926C849B-8F5E-459A-9899-0658FE7D1A6D}"
EndProject
Project("{FAE04EC0-301F-11D3-BF4B-00C04F79EFBC}") = "EfCoreConcurrency.Api", "src\EfCoreConcurrency.Api\EfCoreConcurrency.Api.csproj", "{DE6753E4-0415-4A8C-8973-431B8DBE294A}"
EndProject
Global
	GlobalSection(SolutionConfigurationPlatforms) = preSolution
		Debug|Any CPU = Debug|Any CPU
		Release|Any CPU = Release|Any CPU
	EndGlobalSection
	GlobalSection(ProjectConfigurationPlatforms) = postSolution
		{DE6753E4-0415-4A8C-8973-431B8DBE294A}.Debug|Any CPU.ActiveCfg = Debug|Any CPU
		{DE6753E4-0415-4A8C-8973-431B8DBE294A}.Debug|Any CPU.Build.0 = Debug|Any CPU
		{DE6753E4-0415-4A8C-8973-431B8DBE294A}.Release|Any CPU.ActiveCfg = Release|Any CPU
		{DE6753E4-0415-4A8C-8973-431B8DBE294A}.Release|Any CPU.Build.0 = Release|Any CPU
	EndGlobalSection
	GlobalSection(SolutionProperties) = preSolution
		HideSolutionNode = FALSE
	EndGlobalSection
	GlobalSection(NestedProjects) = preSolution
		{DE6753E4-0415-4A8C-8973-431B8DBE294A} = {926C849B-8F5E-459A-9899-0658FE7D1A6D}
	EndGlobalSection
	GlobalSection(ExtensibilityGlobals) = postSolution
		SolutionGuid = {337AEC94-8960-4E9D-A423-97C5AED0AF43}
	EndGlobalSection
EndGlobal
